// !$*UTF8*$!
{
	archiveVersion = 1;
	classes = {
	};
	objectVersion = 56;
	objects = {

/* Begin PBXBuildFile section */
		24163AA22BB3267000201F85 /* PartialSheet in Frameworks */ = {isa = PBXBuildFile; productRef = 24163AA12BB3267000201F85 /* PartialSheet */; };
		243249F02BB27CDF006EAF01 /* Assets.xcassets in Resources */ = {isa = PBXBuildFile; fileRef = 243249EF2BB27CDF006EAF01 /* Assets.xcassets */; };
		243249F32BB27CDF006EAF01 /* Preview Assets.xcassets in Resources */ = {isa = PBXBuildFile; fileRef = 243249F22BB27CDF006EAF01 /* Preview Assets.xcassets */; };
		243249FD2BB27CDF006EAF01 /* SkyBloomShoppingTests.swift in Sources */ = {isa = PBXBuildFile; fileRef = 243249FC2BB27CDF006EAF01 /* SkyBloomShoppingTests.swift */; };
		24324A072BB27CDF006EAF01 /* SkyBloomShoppingUITests.swift in Sources */ = {isa = PBXBuildFile; fileRef = 24324A062BB27CDF006EAF01 /* SkyBloomShoppingUITests.swift */; };
		24324A092BB27CDF006EAF01 /* SkyBloomShoppingUITestsLaunchTests.swift in Sources */ = {isa = PBXBuildFile; fileRef = 24324A082BB27CDF006EAF01 /* SkyBloomShoppingUITestsLaunchTests.swift */; };
		24324A172BB27E94006EAF01 /* ClothModel.swift in Sources */ = {isa = PBXBuildFile; fileRef = 24324A162BB27E94006EAF01 /* ClothModel.swift */; };
		24324A192BB27F3A006EAF01 /* BagModel.swift in Sources */ = {isa = PBXBuildFile; fileRef = 24324A182BB27F3A006EAF01 /* BagModel.swift */; };
		24324A1B2BB27F4F006EAF01 /* ProfileModel.swift in Sources */ = {isa = PBXBuildFile; fileRef = 24324A1A2BB27F4F006EAF01 /* ProfileModel.swift */; };
		24324A1D2BB27F64006EAF01 /* FavouriteModel.swift in Sources */ = {isa = PBXBuildFile; fileRef = 24324A1C2BB27F64006EAF01 /* FavouriteModel.swift */; };
		24324A1F2BB27F7E006EAF01 /* SortByModel.swift in Sources */ = {isa = PBXBuildFile; fileRef = 24324A1E2BB27F7E006EAF01 /* SortByModel.swift */; };
		24324A212BB27F9A006EAF01 /* OrderModel.swift in Sources */ = {isa = PBXBuildFile; fileRef = 24324A202BB27F9A006EAF01 /* OrderModel.swift */; };
		24324A232BB27FD6006EAF01 /* PromoCodeModel.swift in Sources */ = {isa = PBXBuildFile; fileRef = 24324A222BB27FD6006EAF01 /* PromoCodeModel.swift */; };
		24324A252BB27FF0006EAF01 /* CategoryModel.swift in Sources */ = {isa = PBXBuildFile; fileRef = 24324A242BB27FF0006EAF01 /* CategoryModel.swift */; };
		24324A272BB28007006EAF01 /* TabBarModel.swift in Sources */ = {isa = PBXBuildFile; fileRef = 24324A262BB28007006EAF01 /* TabBarModel.swift */; };
		24324A312BB28836006EAF01 /* TabBarView.swift in Sources */ = {isa = PBXBuildFile; fileRef = 24324A302BB28836006EAF01 /* TabBarView.swift */; };
		24324A332BB28881006EAF01 /* HomeView.swift in Sources */ = {isa = PBXBuildFile; fileRef = 24324A322BB28881006EAF01 /* HomeView.swift */; };
		24324A352BB28892006EAF01 /* ItemRow.swift in Sources */ = {isa = PBXBuildFile; fileRef = 24324A342BB28892006EAF01 /* ItemRow.swift */; };
		24324A382BB288C2006EAF01 /* ItemDetailsView.swift in Sources */ = {isa = PBXBuildFile; fileRef = 24324A372BB288C2006EAF01 /* ItemDetailsView.swift */; };
		24324A3A2BB28979006EAF01 /* ShopView.swift in Sources */ = {isa = PBXBuildFile; fileRef = 24324A392BB28979006EAF01 /* ShopView.swift */; };
		24324A3C2BB28988006EAF01 /* Shopping.swift in Sources */ = {isa = PBXBuildFile; fileRef = 24324A3B2BB28988006EAF01 /* Shopping.swift */; };
		24324A3E2BB289EB006EAF01 /* BagView.swift in Sources */ = {isa = PBXBuildFile; fileRef = 24324A3D2BB289EB006EAF01 /* BagView.swift */; };
		24324A412BB28A32006EAF01 /* CheckOutView.swift in Sources */ = {isa = PBXBuildFile; fileRef = 24324A402BB28A32006EAF01 /* CheckOutView.swift */; };
		24324A452BB28BBF006EAF01 /* SuccessView.swift in Sources */ = {isa = PBXBuildFile; fileRef = 24324A442BB28BBF006EAF01 /* SuccessView.swift */; };
		24324A472BB28BE9006EAF01 /* PromoCodeView.swift in Sources */ = {isa = PBXBuildFile; fileRef = 24324A462BB28BE9006EAF01 /* PromoCodeView.swift */; };
		24324A492BB28C30006EAF01 /* FavouriteView.swift in Sources */ = {isa = PBXBuildFile; fileRef = 24324A482BB28C30006EAF01 /* FavouriteView.swift */; };
		24324A4C2BB28CDD006EAF01 /* ProfileView.swift in Sources */ = {isa = PBXBuildFile; fileRef = 24324A4B2BB28CDD006EAF01 /* ProfileView.swift */; };
		24324A4E2BB28D37006EAF01 /* MyOrdersView.swift in Sources */ = {isa = PBXBuildFile; fileRef = 24324A4D2BB28D37006EAF01 /* MyOrdersView.swift */; };
		24324A512BB28EEF006EAF01 /* Constants.swift in Sources */ = {isa = PBXBuildFile; fileRef = 24324A502BB28EEF006EAF01 /* Constants.swift */; };
		24324A532BB28F0D006EAF01 /* Array+Extension.swift in Sources */ = {isa = PBXBuildFile; fileRef = 24324A522BB28F0D006EAF01 /* Array+Extension.swift */; };
		24324A552BB28F23006EAF01 /* Color+Extension.swift in Sources */ = {isa = PBXBuildFile; fileRef = 24324A542BB28F23006EAF01 /* Color+Extension.swift */; };
		24324A572BB28F48006EAF01 /* UIColor+Extension.swift in Sources */ = {isa = PBXBuildFile; fileRef = 24324A562BB28F48006EAF01 /* UIColor+Extension.swift */; };
		24324A592BB28F6A006EAF01 /* CustomCornerRadious.swift in Sources */ = {isa = PBXBuildFile; fileRef = 24324A582BB28F6A006EAF01 /* CustomCornerRadious.swift */; };
		24324A632BB2935E006EAF01 /* LineView.swift in Sources */ = {isa = PBXBuildFile; fileRef = 24324A622BB2935E006EAF01 /* LineView.swift */; };
		24324A652BB29380006EAF01 /* StrokeText.swift in Sources */ = {isa = PBXBuildFile; fileRef = 24324A642BB29380006EAF01 /* StrokeText.swift */; };
		24324A672BB29398006EAF01 /* GridView.swift in Sources */ = {isa = PBXBuildFile; fileRef = 24324A662BB29398006EAF01 /* GridView.swift */; };
		24324A692BB293BA006EAF01 /* RatingView.swift in Sources */ = {isa = PBXBuildFile; fileRef = 24324A682BB293BA006EAF01 /* RatingView.swift */; };
		24324A6B2BB293CC006EAF01 /* PagingView.swift in Sources */ = {isa = PBXBuildFile; fileRef = 24324A6A2BB293CC006EAF01 /* PagingView.swift */; };
		24324A7F2BB29885006EAF01 /* OpenSans-Bold.ttf in Resources */ = {isa = PBXBuildFile; fileRef = 24324A792BB29885006EAF01 /* OpenSans-Bold.ttf */; };
		24324A802BB29885006EAF01 /* OpenSans-ExtraBold.ttf in Resources */ = {isa = PBXBuildFile; fileRef = 24324A7A2BB29885006EAF01 /* OpenSans-ExtraBold.ttf */; };
		24324A812BB29885006EAF01 /* OpenSans-Light.ttf in Resources */ = {isa = PBXBuildFile; fileRef = 24324A7B2BB29885006EAF01 /* OpenSans-Light.ttf */; };
		24324A822BB29885006EAF01 /* OpenSans-Regular.ttf in Resources */ = {isa = PBXBuildFile; fileRef = 24324A7C2BB29885006EAF01 /* OpenSans-Regular.ttf */; };
		24324A832BB29885006EAF01 /* OpenSans-SemiBold.ttf in Resources */ = {isa = PBXBuildFile; fileRef = 24324A7D2BB29885006EAF01 /* OpenSans-SemiBold.ttf */; };
		24324A852BB2A019006EAF01 /* AppDelegate.swift in Sources */ = {isa = PBXBuildFile; fileRef = 24324A842BB2A019006EAF01 /* AppDelegate.swift */; };
		24324A872BB2A0A1006EAF01 /* SceneDelegate.swift in Sources */ = {isa = PBXBuildFile; fileRef = 24324A862BB2A0A1006EAF01 /* SceneDelegate.swift */; };
/* End PBXBuildFile section */

/* Begin PBXContainerItemProxy section */
		243249F92BB27CDF006EAF01 /* PBXContainerItemProxy */ = {
			isa = PBXContainerItemProxy;
			containerPortal = 243249E02BB27CDE006EAF01 /* Project object */;
			proxyType = 1;
			remoteGlobalIDString = 243249E72BB27CDE006EAF01;
			remoteInfo = SkyBloomShopping;
		};
		24324A032BB27CDF006EAF01 /* PBXContainerItemProxy */ = {
			isa = PBXContainerItemProxy;
			containerPortal = 243249E02BB27CDE006EAF01 /* Project object */;
			proxyType = 1;
			remoteGlobalIDString = 243249E72BB27CDE006EAF01;
			remoteInfo = SkyBloomShopping;
		};
/* End PBXContainerItemProxy section */

/* Begin PBXFileReference section */
		24163AA32BB32ED100201F85 /* Info.plist */ = {isa = PBXFileReference; lastKnownFileType = text.plist; path = Info.plist; sourceTree = "<group>"; };
		243249E82BB27CDE006EAF01 /* SkyBloomShopping.app */ = {isa = PBXFileReference; explicitFileType = wrapper.application; includeInIndex = 0; path = SkyBloomShopping.app; sourceTree = BUILT_PRODUCTS_DIR; };
		243249EF2BB27CDF006EAF01 /* Assets.xcassets */ = {isa = PBXFileReference; lastKnownFileType = folder.assetcatalog; path = Assets.xcassets; sourceTree = "<group>"; };
		243249F22BB27CDF006EAF01 /* Preview Assets.xcassets */ = {isa = PBXFileReference; lastKnownFileType = folder.assetcatalog; path = "Preview Assets.xcassets"; sourceTree = "<group>"; };
		243249F82BB27CDF006EAF01 /* SkyBloomShoppingTests.xctest */ = {isa = PBXFileReference; explicitFileType = wrapper.cfbundle; includeInIndex = 0; path = SkyBloomShoppingTests.xctest; sourceTree = BUILT_PRODUCTS_DIR; };
		243249FC2BB27CDF006EAF01 /* SkyBloomShoppingTests.swift */ = {isa = PBXFileReference; lastKnownFileType = sourcecode.swift; path = SkyBloomShoppingTests.swift; sourceTree = "<group>"; };
		24324A022BB27CDF006EAF01 /* SkyBloomShoppingUITests.xctest */ = {isa = PBXFileReference; explicitFileType = wrapper.cfbundle; includeInIndex = 0; path = SkyBloomShoppingUITests.xctest; sourceTree = BUILT_PRODUCTS_DIR; };
		24324A062BB27CDF006EAF01 /* SkyBloomShoppingUITests.swift */ = {isa = PBXFileReference; lastKnownFileType = sourcecode.swift; path = SkyBloomShoppingUITests.swift; sourceTree = "<group>"; };
		24324A082BB27CDF006EAF01 /* SkyBloomShoppingUITestsLaunchTests.swift */ = {isa = PBXFileReference; lastKnownFileType = sourcecode.swift; path = SkyBloomShoppingUITestsLaunchTests.swift; sourceTree = "<group>"; };
		24324A162BB27E94006EAF01 /* ClothModel.swift */ = {isa = PBXFileReference; lastKnownFileType = sourcecode.swift; path = ClothModel.swift; sourceTree = "<group>"; };
		24324A182BB27F3A006EAF01 /* BagModel.swift */ = {isa = PBXFileReference; lastKnownFileType = sourcecode.swift; path = BagModel.swift; sourceTree = "<group>"; };
		24324A1A2BB27F4F006EAF01 /* ProfileModel.swift */ = {isa = PBXFileReference; lastKnownFileType = sourcecode.swift; path = ProfileModel.swift; sourceTree = "<group>"; };
		24324A1C2BB27F64006EAF01 /* FavouriteModel.swift */ = {isa = PBXFileReference; lastKnownFileType = sourcecode.swift; path = FavouriteModel.swift; sourceTree = "<group>"; };
		24324A1E2BB27F7E006EAF01 /* SortByModel.swift */ = {isa = PBXFileReference; lastKnownFileType = sourcecode.swift; path = SortByModel.swift; sourceTree = "<group>"; };
		24324A202BB27F9A006EAF01 /* OrderModel.swift */ = {isa = PBXFileReference; lastKnownFileType = sourcecode.swift; path = OrderModel.swift; sourceTree = "<group>"; };
		24324A222BB27FD6006EAF01 /* PromoCodeModel.swift */ = {isa = PBXFileReference; lastKnownFileType = sourcecode.swift; path = PromoCodeModel.swift; sourceTree = "<group>"; };
		24324A242BB27FF0006EAF01 /* CategoryModel.swift */ = {isa = PBXFileReference; lastKnownFileType = sourcecode.swift; path = CategoryModel.swift; sourceTree = "<group>"; };
		24324A262BB28007006EAF01 /* TabBarModel.swift */ = {isa = PBXFileReference; lastKnownFileType = sourcecode.swift; path = TabBarModel.swift; sourceTree = "<group>"; };
		24324A302BB28836006EAF01 /* TabBarView.swift */ = {isa = PBXFileReference; lastKnownFileType = sourcecode.swift; path = TabBarView.swift; sourceTree = "<group>"; };
		24324A322BB28881006EAF01 /* HomeView.swift */ = {isa = PBXFileReference; lastKnownFileType = sourcecode.swift; path = HomeView.swift; sourceTree = "<group>"; };
		24324A342BB28892006EAF01 /* ItemRow.swift */ = {isa = PBXFileReference; lastKnownFileType = sourcecode.swift; path = ItemRow.swift; sourceTree = "<group>"; };
		24324A372BB288C2006EAF01 /* ItemDetailsView.swift */ = {isa = PBXFileReference; lastKnownFileType = sourcecode.swift; path = ItemDetailsView.swift; sourceTree = "<group>"; };
		24324A392BB28979006EAF01 /* ShopView.swift */ = {isa = PBXFileReference; lastKnownFileType = sourcecode.swift; path = ShopView.swift; sourceTree = "<group>"; };
		24324A3B2BB28988006EAF01 /* Shopping.swift */ = {isa = PBXFileReference; lastKnownFileType = sourcecode.swift; path = Shopping.swift; sourceTree = "<group>"; };
		24324A3D2BB289EB006EAF01 /* BagView.swift */ = {isa = PBXFileReference; lastKnownFileType = sourcecode.swift; path = BagView.swift; sourceTree = "<group>"; };
		24324A402BB28A32006EAF01 /* CheckOutView.swift */ = {isa = PBXFileReference; lastKnownFileType = sourcecode.swift; path = CheckOutView.swift; sourceTree = "<group>"; };
		24324A442BB28BBF006EAF01 /* SuccessView.swift */ = {isa = PBXFileReference; lastKnownFileType = sourcecode.swift; path = SuccessView.swift; sourceTree = "<group>"; };
		24324A462BB28BE9006EAF01 /* PromoCodeView.swift */ = {isa = PBXFileReference; lastKnownFileType = sourcecode.swift; path = PromoCodeView.swift; sourceTree = "<group>"; };
		24324A482BB28C30006EAF01 /* FavouriteView.swift */ = {isa = PBXFileReference; lastKnownFileType = sourcecode.swift; path = FavouriteView.swift; sourceTree = "<group>"; };
		24324A4B2BB28CDD006EAF01 /* ProfileView.swift */ = {isa = PBXFileReference; lastKnownFileType = sourcecode.swift; path = ProfileView.swift; sourceTree = "<group>"; };
		24324A4D2BB28D37006EAF01 /* MyOrdersView.swift */ = {isa = PBXFileReference; lastKnownFileType = sourcecode.swift; path = MyOrdersView.swift; sourceTree = "<group>"; };
		24324A502BB28EEF006EAF01 /* Constants.swift */ = {isa = PBXFileReference; lastKnownFileType = sourcecode.swift; path = Constants.swift; sourceTree = "<group>"; };
		24324A522BB28F0D006EAF01 /* Array+Extension.swift */ = {isa = PBXFileReference; lastKnownFileType = sourcecode.swift; path = "Array+Extension.swift"; sourceTree = "<group>"; };
		24324A542BB28F23006EAF01 /* Color+Extension.swift */ = {isa = PBXFileReference; lastKnownFileType = sourcecode.swift; path = "Color+Extension.swift"; sourceTree = "<group>"; };
		24324A562BB28F48006EAF01 /* UIColor+Extension.swift */ = {isa = PBXFileReference; lastKnownFileType = sourcecode.swift; path = "UIColor+Extension.swift"; sourceTree = "<group>"; };
		24324A582BB28F6A006EAF01 /* CustomCornerRadious.swift */ = {isa = PBXFileReference; lastKnownFileType = sourcecode.swift; path = CustomCornerRadious.swift; sourceTree = "<group>"; };
		24324A622BB2935E006EAF01 /* LineView.swift */ = {isa = PBXFileReference; lastKnownFileType = sourcecode.swift; path = LineView.swift; sourceTree = "<group>"; };
		24324A642BB29380006EAF01 /* StrokeText.swift */ = {isa = PBXFileReference; lastKnownFileType = sourcecode.swift; path = StrokeText.swift; sourceTree = "<group>"; };
		24324A662BB29398006EAF01 /* GridView.swift */ = {isa = PBXFileReference; lastKnownFileType = sourcecode.swift; path = GridView.swift; sourceTree = "<group>"; };
		24324A682BB293BA006EAF01 /* RatingView.swift */ = {isa = PBXFileReference; lastKnownFileType = sourcecode.swift; path = RatingView.swift; sourceTree = "<group>"; };
		24324A6A2BB293CC006EAF01 /* PagingView.swift */ = {isa = PBXFileReference; lastKnownFileType = sourcecode.swift; path = PagingView.swift; sourceTree = "<group>"; };
		24324A792BB29885006EAF01 /* OpenSans-Bold.ttf */ = {isa = PBXFileReference; lastKnownFileType = file; path = "OpenSans-Bold.ttf"; sourceTree = "<group>"; };
		24324A7A2BB29885006EAF01 /* OpenSans-ExtraBold.ttf */ = {isa = PBXFileReference; lastKnownFileType = file; path = "OpenSans-ExtraBold.ttf"; sourceTree = "<group>"; };
		24324A7B2BB29885006EAF01 /* OpenSans-Light.ttf */ = {isa = PBXFileReference; lastKnownFileType = file; path = "OpenSans-Light.ttf"; sourceTree = "<group>"; };
		24324A7C2BB29885006EAF01 /* OpenSans-Regular.ttf */ = {isa = PBXFileReference; lastKnownFileType = file; path = "OpenSans-Regular.ttf"; sourceTree = "<group>"; };
		24324A7D2BB29885006EAF01 /* OpenSans-SemiBold.ttf */ = {isa = PBXFileReference; lastKnownFileType = file; path = "OpenSans-SemiBold.ttf"; sourceTree = "<group>"; };
		24324A842BB2A019006EAF01 /* AppDelegate.swift */ = {isa = PBXFileReference; lastKnownFileType = sourcecode.swift; path = AppDelegate.swift; sourceTree = "<group>"; };
		24324A862BB2A0A1006EAF01 /* SceneDelegate.swift */ = {isa = PBXFileReference; lastKnownFileType = sourcecode.swift; path = SceneDelegate.swift; sourceTree = "<group>"; };
/* End PBXFileReference section */

/* Begin PBXFrameworksBuildPhase section */
		243249E52BB27CDE006EAF01 /* Frameworks */ = {
			isa = PBXFrameworksBuildPhase;
			buildActionMask = 2147483647;
			files = (
				24163AA22BB3267000201F85 /* PartialSheet in Frameworks */,
			);
			runOnlyForDeploymentPostprocessing = 0;
		};
		243249F52BB27CDF006EAF01 /* Frameworks */ = {
			isa = PBXFrameworksBuildPhase;
			buildActionMask = 2147483647;
			files = (
			);
			runOnlyForDeploymentPostprocessing = 0;
		};
		243249FF2BB27CDF006EAF01 /* Frameworks */ = {
			isa = PBXFrameworksBuildPhase;
			buildActionMask = 2147483647;
			files = (
			);
			runOnlyForDeploymentPostprocessing = 0;
		};
/* End PBXFrameworksBuildPhase section */

/* Begin PBXGroup section */
		24163AA02BB3267000201F85 /* Frameworks */ = {
			isa = PBXGroup;
			children = (
			);
			name = Frameworks;
			sourceTree = "<group>";
		};
		243249DF2BB27CDE006EAF01 = {
			isa = PBXGroup;
			children = (
				243249EA2BB27CDE006EAF01 /* SkyBloomShopping */,
				243249FB2BB27CDF006EAF01 /* SkyBloomShoppingTests */,
				24324A052BB27CDF006EAF01 /* SkyBloomShoppingUITests */,
				243249E92BB27CDE006EAF01 /* Products */,
				24163AA02BB3267000201F85 /* Frameworks */,
			);
			sourceTree = "<group>";
		};
		243249E92BB27CDE006EAF01 /* Products */ = {
			isa = PBXGroup;
			children = (
				243249E82BB27CDE006EAF01 /* SkyBloomShopping.app */,
				243249F82BB27CDF006EAF01 /* SkyBloomShoppingTests.xctest */,
				24324A022BB27CDF006EAF01 /* SkyBloomShoppingUITests.xctest */,
			);
			name = Products;
			sourceTree = "<group>";
		};
		243249EA2BB27CDE006EAF01 /* SkyBloomShopping */ = {
			isa = PBXGroup;
			children = (
				24163AA32BB32ED100201F85 /* Info.plist */,
				24324A5A2BB2903A006EAF01 /* SupportingViews */,
				24324A4F2BB28E99006EAF01 /* Extension */,
				24324A292BB28171006EAF01 /* Views */,
				24324A152BB27E3E006EAF01 /* Model */,
				243249EF2BB27CDF006EAF01 /* Assets.xcassets */,
				243249F12BB27CDF006EAF01 /* Preview Content */,
				24324A842BB2A019006EAF01 /* AppDelegate.swift */,
				24324A862BB2A0A1006EAF01 /* SceneDelegate.swift */,
			);
			path = SkyBloomShopping;
			sourceTree = "<group>";
		};
		243249F12BB27CDF006EAF01 /* Preview Content */ = {
			isa = PBXGroup;
			children = (
				243249F22BB27CDF006EAF01 /* Preview Assets.xcassets */,
			);
			path = "Preview Content";
			sourceTree = "<group>";
		};
		243249FB2BB27CDF006EAF01 /* SkyBloomShoppingTests */ = {
			isa = PBXGroup;
			children = (
				243249FC2BB27CDF006EAF01 /* SkyBloomShoppingTests.swift */,
			);
			path = SkyBloomShoppingTests;
			sourceTree = "<group>";
		};
		24324A052BB27CDF006EAF01 /* SkyBloomShoppingUITests */ = {
			isa = PBXGroup;
			children = (
				24324A062BB27CDF006EAF01 /* SkyBloomShoppingUITests.swift */,
				24324A082BB27CDF006EAF01 /* SkyBloomShoppingUITestsLaunchTests.swift */,
			);
			path = SkyBloomShoppingUITests;
			sourceTree = "<group>";
		};
		24324A152BB27E3E006EAF01 /* Model */ = {
			isa = PBXGroup;
			children = (
				24324A162BB27E94006EAF01 /* ClothModel.swift */,
				24324A182BB27F3A006EAF01 /* BagModel.swift */,
				24324A1A2BB27F4F006EAF01 /* ProfileModel.swift */,
				24324A1C2BB27F64006EAF01 /* FavouriteModel.swift */,
				24324A1E2BB27F7E006EAF01 /* SortByModel.swift */,
				24324A202BB27F9A006EAF01 /* OrderModel.swift */,
				24324A222BB27FD6006EAF01 /* PromoCodeModel.swift */,
				24324A242BB27FF0006EAF01 /* CategoryModel.swift */,
				24324A262BB28007006EAF01 /* TabBarModel.swift */,
			);
			path = Model;
			sourceTree = "<group>";
		};
		24324A292BB28171006EAF01 /* Views */ = {
			isa = PBXGroup;
			children = (
				24324A2F2BB281CC006EAF01 /* Profile */,
				24324A2E2BB281C0006EAF01 /* Favourite */,
				24324A2D2BB281B4006EAF01 /* Bag */,
				24324A2C2BB281A8006EAF01 /* Shop */,
				24324A2B2BB2819D006EAF01 /* Home */,
				24324A2A2BB2817D006EAF01 /* TabBar */,
			);
			path = Views;
			sourceTree = "<group>";
		};
		24324A2A2BB2817D006EAF01 /* TabBar */ = {
			isa = PBXGroup;
			children = (
				24324A302BB28836006EAF01 /* TabBarView.swift */,
			);
			path = TabBar;
			sourceTree = "<group>";
		};
		24324A2B2BB2819D006EAF01 /* Home */ = {
			isa = PBXGroup;
			children = (
				24324A362BB288A1006EAF01 /* ItemDetails */,
				24324A322BB28881006EAF01 /* HomeView.swift */,
				24324A342BB28892006EAF01 /* ItemRow.swift */,
			);
			path = Home;
			sourceTree = "<group>";
		};
		24324A2C2BB281A8006EAF01 /* Shop */ = {
			isa = PBXGroup;
			children = (
				24324A392BB28979006EAF01 /* ShopView.swift */,
				24324A3B2BB28988006EAF01 /* Shopping.swift */,
			);
			path = Shop;
			sourceTree = "<group>";
		};
		24324A2D2BB281B4006EAF01 /* Bag */ = {
			isa = PBXGroup;
			children = (
				24324A3D2BB289EB006EAF01 /* BagView.swift */,
				24324A3F2BB289F2006EAF01 /* CheckOut */,
				24324A432BB28A51006EAF01 /* PromoCode */,
				24324A422BB28A43006EAF01 /* Success */,
			);
			path = Bag;
			sourceTree = "<group>";
		};
		24324A2E2BB281C0006EAF01 /* Favourite */ = {
			isa = PBXGroup;
			children = (
				24324A482BB28C30006EAF01 /* FavouriteView.swift */,
			);
			path = Favourite;
			sourceTree = "<group>";
		};
		24324A2F2BB281CC006EAF01 /* Profile */ = {
			isa = PBXGroup;
			children = (
				24324A4B2BB28CDD006EAF01 /* ProfileView.swift */,
				24324A4A2BB28C6E006EAF01 /* MyOrders */,
			);
			path = Profile;
			sourceTree = "<group>";
		};
		24324A362BB288A1006EAF01 /* ItemDetails */ = {
			isa = PBXGroup;
			children = (
				24324A372BB288C2006EAF01 /* ItemDetailsView.swift */,
			);
			path = ItemDetails;
			sourceTree = "<group>";
		};
		24324A3F2BB289F2006EAF01 /* CheckOut */ = {
			isa = PBXGroup;
			children = (
				24324A402BB28A32006EAF01 /* CheckOutView.swift */,
			);
			path = CheckOut;
			sourceTree = "<group>";
		};
		24324A422BB28A43006EAF01 /* Success */ = {
			isa = PBXGroup;
			children = (
				24324A442BB28BBF006EAF01 /* SuccessView.swift */,
			);
			path = Success;
			sourceTree = "<group>";
		};
		24324A432BB28A51006EAF01 /* PromoCode */ = {
			isa = PBXGroup;
			children = (
				24324A462BB28BE9006EAF01 /* PromoCodeView.swift */,
			);
			path = PromoCode;
			sourceTree = "<group>";
		};
		24324A4A2BB28C6E006EAF01 /* MyOrders */ = {
			isa = PBXGroup;
			children = (
				24324A4D2BB28D37006EAF01 /* MyOrdersView.swift */,
			);
			path = MyOrders;
			sourceTree = "<group>";
		};
		24324A4F2BB28E99006EAF01 /* Extension */ = {
			isa = PBXGroup;
			children = (
				24324A502BB28EEF006EAF01 /* Constants.swift */,
				24324A522BB28F0D006EAF01 /* Array+Extension.swift */,
				24324A542BB28F23006EAF01 /* Color+Extension.swift */,
				24324A562BB28F48006EAF01 /* UIColor+Extension.swift */,
				24324A582BB28F6A006EAF01 /* CustomCornerRadious.swift */,
			);
			path = Extension;
			sourceTree = "<group>";
		};
		24324A5A2BB2903A006EAF01 /* SupportingViews */ = {
			isa = PBXGroup;
			children = (
				24324A7E2BB29885006EAF01 /* Fonts */,
				24324A612BB291C9006EAF01 /* PagingView */,
				24324A602BB291BE006EAF01 /* Rating */,
				24324A5E2BB291A4006EAF01 /* GridView */,
				24324A5D2BB2918C006EAF01 /* StrokeText */,
				24324A5C2BB29177006EAF01 /* LineView */,
			);
			path = SupportingViews;
			sourceTree = "<group>";
		};
		24324A5C2BB29177006EAF01 /* LineView */ = {
			isa = PBXGroup;
			children = (
				24324A622BB2935E006EAF01 /* LineView.swift */,
			);
			path = LineView;
			sourceTree = "<group>";
		};
		24324A5D2BB2918C006EAF01 /* StrokeText */ = {
			isa = PBXGroup;
			children = (
				24324A642BB29380006EAF01 /* StrokeText.swift */,
			);
			path = StrokeText;
			sourceTree = "<group>";
		};
		24324A5E2BB291A4006EAF01 /* GridView */ = {
			isa = PBXGroup;
			children = (
				24324A662BB29398006EAF01 /* GridView.swift */,
			);
			path = GridView;
			sourceTree = "<group>";
		};
		24324A602BB291BE006EAF01 /* Rating */ = {
			isa = PBXGroup;
			children = (
				24324A682BB293BA006EAF01 /* RatingView.swift */,
			);
			path = Rating;
			sourceTree = "<group>";
		};
		24324A612BB291C9006EAF01 /* PagingView */ = {
			isa = PBXGroup;
			children = (
				24324A6A2BB293CC006EAF01 /* PagingView.swift */,
			);
			path = PagingView;
			sourceTree = "<group>";
		};
		24324A7E2BB29885006EAF01 /* Fonts */ = {
			isa = PBXGroup;
			children = (
				24324A792BB29885006EAF01 /* OpenSans-Bold.ttf */,
				24324A7A2BB29885006EAF01 /* OpenSans-ExtraBold.ttf */,
				24324A7B2BB29885006EAF01 /* OpenSans-Light.ttf */,
				24324A7C2BB29885006EAF01 /* OpenSans-Regular.ttf */,
				24324A7D2BB29885006EAF01 /* OpenSans-SemiBold.ttf */,
			);
			path = Fonts;
			sourceTree = "<group>";
		};
/* End PBXGroup section */

/* Begin PBXNativeTarget section */
		243249E72BB27CDE006EAF01 /* SkyBloomShopping */ = {
			isa = PBXNativeTarget;
			buildConfigurationList = 24324A0C2BB27CDF006EAF01 /* Build configuration list for PBXNativeTarget "SkyBloomShopping" */;
			buildPhases = (
				243249E42BB27CDE006EAF01 /* Sources */,
				243249E52BB27CDE006EAF01 /* Frameworks */,
				243249E62BB27CDE006EAF01 /* Resources */,
			);
			buildRules = (
			);
			dependencies = (
			);
			name = SkyBloomShopping;
			packageProductDependencies = (
				24163AA12BB3267000201F85 /* PartialSheet */,
			);
			productName = SkyBloomShopping;
			productReference = 243249E82BB27CDE006EAF01 /* SkyBloomShopping.app */;
			productType = "com.apple.product-type.application";
		};
		243249F72BB27CDF006EAF01 /* SkyBloomShoppingTests */ = {
			isa = PBXNativeTarget;
			buildConfigurationList = 24324A0F2BB27CDF006EAF01 /* Build configuration list for PBXNativeTarget "SkyBloomShoppingTests" */;
			buildPhases = (
				243249F42BB27CDF006EAF01 /* Sources */,
				243249F52BB27CDF006EAF01 /* Frameworks */,
				243249F62BB27CDF006EAF01 /* Resources */,
			);
			buildRules = (
			);
			dependencies = (
				243249FA2BB27CDF006EAF01 /* PBXTargetDependency */,
			);
			name = SkyBloomShoppingTests;
			productName = SkyBloomShoppingTests;
			productReference = 243249F82BB27CDF006EAF01 /* SkyBloomShoppingTests.xctest */;
			productType = "com.apple.product-type.bundle.unit-test";
		};
		24324A012BB27CDF006EAF01 /* SkyBloomShoppingUITests */ = {
			isa = PBXNativeTarget;
			buildConfigurationList = 24324A122BB27CDF006EAF01 /* Build configuration list for PBXNativeTarget "SkyBloomShoppingUITests" */;
			buildPhases = (
				243249FE2BB27CDF006EAF01 /* Sources */,
				243249FF2BB27CDF006EAF01 /* Frameworks */,
				24324A002BB27CDF006EAF01 /* Resources */,
			);
			buildRules = (
			);
			dependencies = (
				24324A042BB27CDF006EAF01 /* PBXTargetDependency */,
			);
			name = SkyBloomShoppingUITests;
			productName = SkyBloomShoppingUITests;
			productReference = 24324A022BB27CDF006EAF01 /* SkyBloomShoppingUITests.xctest */;
			productType = "com.apple.product-type.bundle.ui-testing";
		};
/* End PBXNativeTarget section */

/* Begin PBXProject section */
		243249E02BB27CDE006EAF01 /* Project object */ = {
			isa = PBXProject;
			attributes = {
				BuildIndependentTargetsInParallel = 1;
				LastSwiftUpdateCheck = 1530;
				LastUpgradeCheck = 1530;
				TargetAttributes = {
					243249E72BB27CDE006EAF01 = {
						CreatedOnToolsVersion = 15.3;
					};
					243249F72BB27CDF006EAF01 = {
						CreatedOnToolsVersion = 15.3;
						TestTargetID = 243249E72BB27CDE006EAF01;
					};
					24324A012BB27CDF006EAF01 = {
						CreatedOnToolsVersion = 15.3;
						TestTargetID = 243249E72BB27CDE006EAF01;
					};
				};
			};
			buildConfigurationList = 243249E32BB27CDE006EAF01 /* Build configuration list for PBXProject "SkyBloomShopping" */;
			compatibilityVersion = "Xcode 14.0";
			developmentRegion = en;
			hasScannedForEncodings = 0;
			knownRegions = (
				en,
				Base,
			);
			mainGroup = 243249DF2BB27CDE006EAF01;
			packageReferences = (
				243AAA7E2BB2E1C1002F3471 /* XCRemoteSwiftPackageReference "PartialSheet" */,
			);
			productRefGroup = 243249E92BB27CDE006EAF01 /* Products */;
			projectDirPath = "";
			projectRoot = "";
			targets = (
				243249E72BB27CDE006EAF01 /* SkyBloomShopping */,
				243249F72BB27CDF006EAF01 /* SkyBloomShoppingTests */,
				24324A012BB27CDF006EAF01 /* SkyBloomShoppingUITests */,
			);
		};
/* End PBXProject section */

/* Begin PBXResourcesBuildPhase section */
		243249E62BB27CDE006EAF01 /* Resources */ = {
			isa = PBXResourcesBuildPhase;
			buildActionMask = 2147483647;
			files = (
				243249F32BB27CDF006EAF01 /* Preview Assets.xcassets in Resources */,
				243249F02BB27CDF006EAF01 /* Assets.xcassets in Resources */,
				24324A832BB29885006EAF01 /* OpenSans-SemiBold.ttf in Resources */,
				24324A7F2BB29885006EAF01 /* OpenSans-Bold.ttf in Resources */,
				24324A812BB29885006EAF01 /* OpenSans-Light.ttf in Resources */,
				24324A822BB29885006EAF01 /* OpenSans-Regular.ttf in Resources */,
				24324A802BB29885006EAF01 /* OpenSans-ExtraBold.ttf in Resources */,
			);
			runOnlyForDeploymentPostprocessing = 0;
		};
		243249F62BB27CDF006EAF01 /* Resources */ = {
			isa = PBXResourcesBuildPhase;
			buildActionMask = 2147483647;
			files = (
			);
			runOnlyForDeploymentPostprocessing = 0;
		};
		24324A002BB27CDF006EAF01 /* Resources */ = {
			isa = PBXResourcesBuildPhase;
			buildActionMask = 2147483647;
			files = (
			);
			runOnlyForDeploymentPostprocessing = 0;
		};
/* End PBXResourcesBuildPhase section */

/* Begin PBXSourcesBuildPhase section */
		243249E42BB27CDE006EAF01 /* Sources */ = {
			isa = PBXSourcesBuildPhase;
			buildActionMask = 2147483647;
			files = (
				24324A692BB293BA006EAF01 /* RatingView.swift in Sources */,
				24324A512BB28EEF006EAF01 /* Constants.swift in Sources */,
				24324A272BB28007006EAF01 /* TabBarModel.swift in Sources */,
				24324A412BB28A32006EAF01 /* CheckOutView.swift in Sources */,
				24324A212BB27F9A006EAF01 /* OrderModel.swift in Sources */,
				24324A3C2BB28988006EAF01 /* Shopping.swift in Sources */,
				24324A332BB28881006EAF01 /* HomeView.swift in Sources */,
				24324A382BB288C2006EAF01 /* ItemDetailsView.swift in Sources */,
				24324A572BB28F48006EAF01 /* UIColor+Extension.swift in Sources */,
				24324A632BB2935E006EAF01 /* LineView.swift in Sources */,
				24324A352BB28892006EAF01 /* ItemRow.swift in Sources */,
				24324A872BB2A0A1006EAF01 /* SceneDelegate.swift in Sources */,
				24324A672BB29398006EAF01 /* GridView.swift in Sources */,
				24324A1B2BB27F4F006EAF01 /* ProfileModel.swift in Sources */,
				24324A1F2BB27F7E006EAF01 /* SortByModel.swift in Sources */,
				24324A252BB27FF0006EAF01 /* CategoryModel.swift in Sources */,
				24324A592BB28F6A006EAF01 /* CustomCornerRadious.swift in Sources */,
				24324A532BB28F0D006EAF01 /* Array+Extension.swift in Sources */,
				24324A232BB27FD6006EAF01 /* PromoCodeModel.swift in Sources */,
				24324A852BB2A019006EAF01 /* AppDelegate.swift in Sources */,
				24324A472BB28BE9006EAF01 /* PromoCodeView.swift in Sources */,
				24324A192BB27F3A006EAF01 /* BagModel.swift in Sources */,
				24324A452BB28BBF006EAF01 /* SuccessView.swift in Sources */,
				24324A172BB27E94006EAF01 /* ClothModel.swift in Sources */,
				24324A552BB28F23006EAF01 /* Color+Extension.swift in Sources */,
				24324A4C2BB28CDD006EAF01 /* ProfileView.swift in Sources */,
				24324A6B2BB293CC006EAF01 /* PagingView.swift in Sources */,
				24324A652BB29380006EAF01 /* StrokeText.swift in Sources */,
				24324A312BB28836006EAF01 /* TabBarView.swift in Sources */,
				24324A492BB28C30006EAF01 /* FavouriteView.swift in Sources */,
				24324A3A2BB28979006EAF01 /* ShopView.swift in Sources */,
				24324A4E2BB28D37006EAF01 /* MyOrdersView.swift in Sources */,
				24324A1D2BB27F64006EAF01 /* FavouriteModel.swift in Sources */,
				24324A3E2BB289EB006EAF01 /* BagView.swift in Sources */,
			);
			runOnlyForDeploymentPostprocessing = 0;
		};
		243249F42BB27CDF006EAF01 /* Sources */ = {
			isa = PBXSourcesBuildPhase;
			buildActionMask = 2147483647;
			files = (
				243249FD2BB27CDF006EAF01 /* SkyBloomShoppingTests.swift in Sources */,
			);
			runOnlyForDeploymentPostprocessing = 0;
		};
		243249FE2BB27CDF006EAF01 /* Sources */ = {
			isa = PBXSourcesBuildPhase;
			buildActionMask = 2147483647;
			files = (
				24324A092BB27CDF006EAF01 /* SkyBloomShoppingUITestsLaunchTests.swift in Sources */,
				24324A072BB27CDF006EAF01 /* SkyBloomShoppingUITests.swift in Sources */,
			);
			runOnlyForDeploymentPostprocessing = 0;
		};
/* End PBXSourcesBuildPhase section */

/* Begin PBXTargetDependency section */
		243249FA2BB27CDF006EAF01 /* PBXTargetDependency */ = {
			isa = PBXTargetDependency;
			target = 243249E72BB27CDE006EAF01 /* SkyBloomShopping */;
			targetProxy = 243249F92BB27CDF006EAF01 /* PBXContainerItemProxy */;
		};
		24324A042BB27CDF006EAF01 /* PBXTargetDependency */ = {
			isa = PBXTargetDependency;
			target = 243249E72BB27CDE006EAF01 /* SkyBloomShopping */;
			targetProxy = 24324A032BB27CDF006EAF01 /* PBXContainerItemProxy */;
		};
/* End PBXTargetDependency section */

/* Begin XCBuildConfiguration section */
		24324A0A2BB27CDF006EAF01 /* Debug */ = {
			isa = XCBuildConfiguration;
			buildSettings = {
				ALWAYS_SEARCH_USER_PATHS = NO;
				ASSETCATALOG_COMPILER_GENERATE_SWIFT_ASSET_SYMBOL_EXTENSIONS = YES;
				CLANG_ANALYZER_NONNULL = YES;
				CLANG_ANALYZER_NUMBER_OBJECT_CONVERSION = YES_AGGRESSIVE;
				CLANG_CXX_LANGUAGE_STANDARD = "gnu++20";
				CLANG_ENABLE_MODULES = YES;
				CLANG_ENABLE_OBJC_ARC = YES;
				CLANG_ENABLE_OBJC_WEAK = YES;
				CLANG_WARN_BLOCK_CAPTURE_AUTORELEASING = YES;
				CLANG_WARN_BOOL_CONVERSION = YES;
				CLANG_WARN_COMMA = YES;
				CLANG_WARN_CONSTANT_CONVERSION = YES;
				CLANG_WARN_DEPRECATED_OBJC_IMPLEMENTATIONS = YES;
				CLANG_WARN_DIRECT_OBJC_ISA_USAGE = YES_ERROR;
				CLANG_WARN_DOCUMENTATION_COMMENTS = YES;
				CLANG_WARN_EMPTY_BODY = YES;
				CLANG_WARN_ENUM_CONVERSION = YES;
				CLANG_WARN_INFINITE_RECURSION = YES;
				CLANG_WARN_INT_CONVERSION = YES;
				CLANG_WARN_NON_LITERAL_NULL_CONVERSION = YES;
				CLANG_WARN_OBJC_IMPLICIT_RETAIN_SELF = YES;
				CLANG_WARN_OBJC_LITERAL_CONVERSION = YES;
				CLANG_WARN_OBJC_ROOT_CLASS = YES_ERROR;
				CLANG_WARN_QUOTED_INCLUDE_IN_FRAMEWORK_HEADER = YES;
				CLANG_WARN_RANGE_LOOP_ANALYSIS = YES;
				CLANG_WARN_STRICT_PROTOTYPES = YES;
				CLANG_WARN_SUSPICIOUS_MOVE = YES;
				CLANG_WARN_UNGUARDED_AVAILABILITY = YES_AGGRESSIVE;
				CLANG_WARN_UNREACHABLE_CODE = YES;
				CLANG_WARN__DUPLICATE_METHOD_MATCH = YES;
				COPY_PHASE_STRIP = NO;
				DEBUG_INFORMATION_FORMAT = dwarf;
				ENABLE_STRICT_OBJC_MSGSEND = YES;
				ENABLE_TESTABILITY = YES;
				ENABLE_USER_SCRIPT_SANDBOXING = YES;
				GCC_C_LANGUAGE_STANDARD = gnu17;
				GCC_DYNAMIC_NO_PIC = NO;
				GCC_NO_COMMON_BLOCKS = YES;
				GCC_OPTIMIZATION_LEVEL = 0;
				GCC_PREPROCESSOR_DEFINITIONS = (
					"DEBUG=1",
					"$(inherited)",
				);
				GCC_WARN_64_TO_32_BIT_CONVERSION = YES;
				GCC_WARN_ABOUT_RETURN_TYPE = YES_ERROR;
				GCC_WARN_UNDECLARED_SELECTOR = YES;
				GCC_WARN_UNINITIALIZED_AUTOS = YES_AGGRESSIVE;
				GCC_WARN_UNUSED_FUNCTION = YES;
				GCC_WARN_UNUSED_VARIABLE = YES;
				IPHONEOS_DEPLOYMENT_TARGET = 17.4;
				LOCALIZATION_PREFERS_STRING_CATALOGS = YES;
				MTL_ENABLE_DEBUG_INFO = INCLUDE_SOURCE;
				MTL_FAST_MATH = YES;
				ONLY_ACTIVE_ARCH = YES;
				SDKROOT = iphoneos;
				SWIFT_ACTIVE_COMPILATION_CONDITIONS = "DEBUG $(inherited)";
				SWIFT_OPTIMIZATION_LEVEL = "-Onone";
			};
			name = Debug;
		};
		24324A0B2BB27CDF006EAF01 /* Release */ = {
			isa = XCBuildConfiguration;
			buildSettings = {
				ALWAYS_SEARCH_USER_PATHS = NO;
				ASSETCATALOG_COMPILER_GENERATE_SWIFT_ASSET_SYMBOL_EXTENSIONS = YES;
				CLANG_ANALYZER_NONNULL = YES;
				CLANG_ANALYZER_NUMBER_OBJECT_CONVERSION = YES_AGGRESSIVE;
				CLANG_CXX_LANGUAGE_STANDARD = "gnu++20";
				CLANG_ENABLE_MODULES = YES;
				CLANG_ENABLE_OBJC_ARC = YES;
				CLANG_ENABLE_OBJC_WEAK = YES;
				CLANG_WARN_BLOCK_CAPTURE_AUTORELEASING = YES;
				CLANG_WARN_BOOL_CONVERSION = YES;
				CLANG_WARN_COMMA = YES;
				CLANG_WARN_CONSTANT_CONVERSION = YES;
				CLANG_WARN_DEPRECATED_OBJC_IMPLEMENTATIONS = YES;
				CLANG_WARN_DIRECT_OBJC_ISA_USAGE = YES_ERROR;
				CLANG_WARN_DOCUMENTATION_COMMENTS = YES;
				CLANG_WARN_EMPTY_BODY = YES;
				CLANG_WARN_ENUM_CONVERSION = YES;
				CLANG_WARN_INFINITE_RECURSION = YES;
				CLANG_WARN_INT_CONVERSION = YES;
				CLANG_WARN_NON_LITERAL_NULL_CONVERSION = YES;
				CLANG_WARN_OBJC_IMPLICIT_RETAIN_SELF = YES;
				CLANG_WARN_OBJC_LITERAL_CONVERSION = YES;
				CLANG_WARN_OBJC_ROOT_CLASS = YES_ERROR;
				CLANG_WARN_QUOTED_INCLUDE_IN_FRAMEWORK_HEADER = YES;
				CLANG_WARN_RANGE_LOOP_ANALYSIS = YES;
				CLANG_WARN_STRICT_PROTOTYPES = YES;
				CLANG_WARN_SUSPICIOUS_MOVE = YES;
				CLANG_WARN_UNGUARDED_AVAILABILITY = YES_AGGRESSIVE;
				CLANG_WARN_UNREACHABLE_CODE = YES;
				CLANG_WARN__DUPLICATE_METHOD_MATCH = YES;
				COPY_PHASE_STRIP = NO;
				DEBUG_INFORMATION_FORMAT = "dwarf-with-dsym";
				ENABLE_NS_ASSERTIONS = NO;
				ENABLE_STRICT_OBJC_MSGSEND = YES;
				ENABLE_USER_SCRIPT_SANDBOXING = YES;
				GCC_C_LANGUAGE_STANDARD = gnu17;
				GCC_NO_COMMON_BLOCKS = YES;
				GCC_WARN_64_TO_32_BIT_CONVERSION = YES;
				GCC_WARN_ABOUT_RETURN_TYPE = YES_ERROR;
				GCC_WARN_UNDECLARED_SELECTOR = YES;
				GCC_WARN_UNINITIALIZED_AUTOS = YES_AGGRESSIVE;
				GCC_WARN_UNUSED_FUNCTION = YES;
				GCC_WARN_UNUSED_VARIABLE = YES;
				IPHONEOS_DEPLOYMENT_TARGET = 17.4;
				LOCALIZATION_PREFERS_STRING_CATALOGS = YES;
				MTL_ENABLE_DEBUG_INFO = NO;
				MTL_FAST_MATH = YES;
				SDKROOT = iphoneos;
				SWIFT_COMPILATION_MODE = wholemodule;
				VALIDATE_PRODUCT = YES;
			};
			name = Release;
		};
		24324A0D2BB27CDF006EAF01 /* Debug */ = {
			isa = XCBuildConfiguration;
			buildSettings = {
				ASSETCATALOG_COMPILER_APPICON_NAME = AppIcon;
				ASSETCATALOG_COMPILER_GLOBAL_ACCENT_COLOR_NAME = AccentColor;
				CODE_SIGN_STYLE = Automatic;
				CURRENT_PROJECT_VERSION = 1;
				DEVELOPMENT_ASSET_PATHS = "\"SkyBloomShopping/Preview Content\"";
				ENABLE_PREVIEWS = YES;
				GENERATE_INFOPLIST_FILE = YES;
				INFOPLIST_FILE = SkyBloomShopping/Info.plist;
				INFOPLIST_KEY_UIApplicationSupportsIndirectInputEvents = YES;
				INFOPLIST_KEY_UILaunchScreen_Generation = YES;
				INFOPLIST_KEY_UISupportedInterfaceOrientations_iPad = "UIInterfaceOrientationPortrait UIInterfaceOrientationPortraitUpsideDown UIInterfaceOrientationLandscapeLeft UIInterfaceOrientationLandscapeRight";
				INFOPLIST_KEY_UISupportedInterfaceOrientations_iPhone = "UIInterfaceOrientationPortrait UIInterfaceOrientationLandscapeLeft UIInterfaceOrientationLandscapeRight";
				LD_RUNPATH_SEARCH_PATHS = (
					"$(inherited)",
					"@executable_path/Frameworks",
				);
				MARKETING_VERSION = 1.0;
				PRODUCT_BUNDLE_IDENTIFIER = NIBM.SkyBloomShopping;
				PRODUCT_NAME = "$(TARGET_NAME)";
				SWIFT_EMIT_LOC_STRINGS = YES;
				SWIFT_VERSION = 5.0;
				TARGETED_DEVICE_FAMILY = "1,2";
			};
			name = Debug;
		};
		24324A0E2BB27CDF006EAF01 /* Release */ = {
			isa = XCBuildConfiguration;
			buildSettings = {
				ASSETCATALOG_COMPILER_APPICON_NAME = AppIcon;
				ASSETCATALOG_COMPILER_GLOBAL_ACCENT_COLOR_NAME = AccentColor;
				CODE_SIGN_STYLE = Automatic;
				CURRENT_PROJECT_VERSION = 1;
				DEVELOPMENT_ASSET_PATHS = "\"SkyBloomShopping/Preview Content\"";
				ENABLE_PREVIEWS = YES;
				GENERATE_INFOPLIST_FILE = YES;
				INFOPLIST_FILE = SkyBloomShopping/Info.plist;
				INFOPLIST_KEY_UIApplicationSupportsIndirectInputEvents = YES;
				INFOPLIST_KEY_UILaunchScreen_Generation = YES;
				INFOPLIST_KEY_UISupportedInterfaceOrientations_iPad = "UIInterfaceOrientationPortrait UIInterfaceOrientationPortraitUpsideDown UIInterfaceOrientationLandscapeLeft UIInterfaceOrientationLandscapeRight";
				INFOPLIST_KEY_UISupportedInterfaceOrientations_iPhone = "UIInterfaceOrientationPortrait UIInterfaceOrientationLandscapeLeft UIInterfaceOrientationLandscapeRight";
				LD_RUNPATH_SEARCH_PATHS = (
					"$(inherited)",
					"@executable_path/Frameworks",
				);
				MARKETING_VERSION = 1.0;
				PRODUCT_BUNDLE_IDENTIFIER = NIBM.SkyBloomShopping;
				PRODUCT_NAME = "$(TARGET_NAME)";
				SWIFT_EMIT_LOC_STRINGS = YES;
				SWIFT_VERSION = 5.0;
				TARGETED_DEVICE_FAMILY = "1,2";
			};
			name = Release;
		};
		24324A102BB27CDF006EAF01 /* Debug */ = {
			isa = XCBuildConfiguration;
			buildSettings = {
				ALWAYS_EMBED_SWIFT_STANDARD_LIBRARIES = YES;
				BUNDLE_LOADER = "$(TEST_HOST)";
				CODE_SIGN_STYLE = Automatic;
				CURRENT_PROJECT_VERSION = 1;
				GENERATE_INFOPLIST_FILE = YES;
				IPHONEOS_DEPLOYMENT_TARGET = 17.4;
				MARKETING_VERSION = 1.0;
				PRODUCT_BUNDLE_IDENTIFIER = NIBM.SkyBloomShoppingTests;
				PRODUCT_NAME = "$(TARGET_NAME)";
				SWIFT_EMIT_LOC_STRINGS = NO;
				SWIFT_VERSION = 5.0;
				TARGETED_DEVICE_FAMILY = "1,2";
				TEST_HOST = "$(BUILT_PRODUCTS_DIR)/SkyBloomShopping.app/$(BUNDLE_EXECUTABLE_FOLDER_PATH)/SkyBloomShopping";
			};
			name = Debug;
		};
		24324A112BB27CDF006EAF01 /* Release */ = {
			isa = XCBuildConfiguration;
			buildSettings = {
				ALWAYS_EMBED_SWIFT_STANDARD_LIBRARIES = YES;
				BUNDLE_LOADER = "$(TEST_HOST)";
				CODE_SIGN_STYLE = Automatic;
				CURRENT_PROJECT_VERSION = 1;
				GENERATE_INFOPLIST_FILE = YES;
				IPHONEOS_DEPLOYMENT_TARGET = 17.4;
				MARKETING_VERSION = 1.0;
				PRODUCT_BUNDLE_IDENTIFIER = NIBM.SkyBloomShoppingTests;
				PRODUCT_NAME = "$(TARGET_NAME)";
				SWIFT_EMIT_LOC_STRINGS = NO;
				SWIFT_VERSION = 5.0;
				TARGETED_DEVICE_FAMILY = "1,2";
				TEST_HOST = "$(BUILT_PRODUCTS_DIR)/SkyBloomShopping.app/$(BUNDLE_EXECUTABLE_FOLDER_PATH)/SkyBloomShopping";
			};
			name = Release;
		};
		24324A132BB27CDF006EAF01 /* Debug */ = {
			isa = XCBuildConfiguration;
			buildSettings = {
				ALWAYS_EMBED_SWIFT_STANDARD_LIBRARIES = YES;
				CODE_SIGN_STYLE = Automatic;
				CURRENT_PROJECT_VERSION = 1;
				GENERATE_INFOPLIST_FILE = YES;
				MARKETING_VERSION = 1.0;
				PRODUCT_BUNDLE_IDENTIFIER = NIBM.SkyBloomShoppingUITests;
				PRODUCT_NAME = "$(TARGET_NAME)";
				SWIFT_EMIT_LOC_STRINGS = NO;
				SWIFT_VERSION = 5.0;
				TARGETED_DEVICE_FAMILY = "1,2";
				TEST_TARGET_NAME = SkyBloomShopping;
			};
			name = Debug;
		};
		24324A142BB27CDF006EAF01 /* Release */ = {
			isa = XCBuildConfiguration;
			buildSettings = {
				ALWAYS_EMBED_SWIFT_STANDARD_LIBRARIES = YES;
				CODE_SIGN_STYLE = Automatic;
				CURRENT_PROJECT_VERSION = 1;
				GENERATE_INFOPLIST_FILE = YES;
				MARKETING_VERSION = 1.0;
				PRODUCT_BUNDLE_IDENTIFIER = NIBM.SkyBloomShoppingUITests;
				PRODUCT_NAME = "$(TARGET_NAME)";
				SWIFT_EMIT_LOC_STRINGS = NO;
				SWIFT_VERSION = 5.0;
				TARGETED_DEVICE_FAMILY = "1,2";
				TEST_TARGET_NAME = SkyBloomShopping;
			};
			name = Release;
		};
/* End XCBuildConfiguration section */

/* Begin XCConfigurationList section */
		243249E32BB27CDE006EAF01 /* Build configuration list for PBXProject "SkyBloomShopping" */ = {
			isa = XCConfigurationList;
			buildConfigurations = (
				24324A0A2BB27CDF006EAF01 /* Debug */,
				24324A0B2BB27CDF006EAF01 /* Release */,
			);
			defaultConfigurationIsVisible = 0;
			defaultConfigurationName = Release;
		};
		24324A0C2BB27CDF006EAF01 /* Build configuration list for PBXNativeTarget "SkyBloomShopping" */ = {
			isa = XCConfigurationList;
			buildConfigurations = (
				24324A0D2BB27CDF006EAF01 /* Debug */,
				24324A0E2BB27CDF006EAF01 /* Release */,
			);
			defaultConfigurationIsVisible = 0;
			defaultConfigurationName = Release;
		};
		24324A0F2BB27CDF006EAF01 /* Build configuration list for PBXNativeTarget "SkyBloomShoppingTests" */ = {
			isa = XCConfigurationList;
			buildConfigurations = (
				24324A102BB27CDF006EAF01 /* Debug */,
				24324A112BB27CDF006EAF01 /* Release */,
			);
			defaultConfigurationIsVisible = 0;
			defaultConfigurationName = Release;
		};
		24324A122BB27CDF006EAF01 /* Build configuration list for PBXNativeTarget "SkyBloomShoppingUITests" */ = {
			isa = XCConfigurationList;
			buildConfigurations = (
				24324A132BB27CDF006EAF01 /* Debug */,
				24324A142BB27CDF006EAF01 /* Release */,
			);
			defaultConfigurationIsVisible = 0;
			defaultConfigurationName = Release;
		};
/* End XCConfigurationList section */

/* Begin XCRemoteSwiftPackageReference section */
		243AAA7E2BB2E1C1002F3471 /* XCRemoteSwiftPackageReference "PartialSheet" */ = {
			isa = XCRemoteSwiftPackageReference;
			repositoryURL = "https://github.com/AndreaMiotto/PartialSheet.git";
			requirement = {
				kind = exactVersion;
				version = 3.1.1;
			};
		};
/* End XCRemoteSwiftPackageReference section */

/* Begin XCSwiftPackageProductDependency section */
		24163AA12BB3267000201F85 /* PartialSheet */ = {
			isa = XCSwiftPackageProductDependency;
			package = 243AAA7E2BB2E1C1002F3471 /* XCRemoteSwiftPackageReference "PartialSheet" */;
			productName = PartialSheet;
		};
/* End XCSwiftPackageProductDependency section */
	};
	rootObject = 243249E02BB27CDE006EAF01 /* Project object */;
}
