// !$*UTF8*$!
{
	archiveVersion = 1;
	classes = {
	};
	objectVersion = 56;
	objects = {

/* Begin PBXBuildFile section */
		243249EC2BB27CDE006EAF01 /* SkyBloomShoppingApp.swift in Sources */ = {isa = PBXBuildFile; fileRef = 243249EB2BB27CDE006EAF01 /* SkyBloomShoppingApp.swift */; };
		243249EE2BB27CDE006EAF01 /* ContentView.swift in Sources */ = {isa = PBXBuildFile; fileRef = 243249ED2BB27CDE006EAF01 /* ContentView.swift */; };
		243249F02BB27CDF006EAF01 /* Assets.xcassets in Resources */ = {isa = PBXBuildFile; fileRef = 243249EF2BB27CDF006EAF01 /* Assets.xcassets */; };
		243249F32BB27CDF006EAF01 /* Preview Assets.xcassets in Resources */ = {isa = PBXBuildFile; fileRef = 243249F22BB27CDF006EAF01 /* Preview Assets.xcassets */; };
		243249FD2BB27CDF006EAF01 /* SkyBloomShoppingTests.swift in Sources */ = {isa = PBXBuildFile; fileRef = 243249FC2BB27CDF006EAF01 /* SkyBloomShoppingTests.swift */; };
		24324A072BB27CDF006EAF01 /* SkyBloomShoppingUITests.swift in Sources */ = {isa = PBXBuildFile; fileRef = 24324A062BB27CDF006EAF01 /* SkyBloomShoppingUITests.swift */; };
		24324A092BB27CDF006EAF01 /* SkyBloomShoppingUITestsLaunchTests.swift in Sources */ = {isa = PBXBuildFile; fileRef = 24324A082BB27CDF006EAF01 /* SkyBloomShoppingUITestsLaunchTests.swift */; };
/* End PBXBuildFile section */

/* Begin PBXContainerItemProxy section */
		243249F92BB27CDF006EAF01 /* PBXContainerItemProxy */ = {
			isa = PBXContainerItemProxy;
			containerPortal = 243249E02BB27CDE006EAF01 /* Project object */;
			proxyType = 1;
			remoteGlobalIDString = 243249E72BB27CDE006EAF01;
			remoteInfo = SkyBloomShopping;
		};
		24324A032BB27CDF006EAF01 /* PBXContainerItemProxy */ = {
			isa = PBXContainerItemProxy;
			containerPortal = 243249E02BB27CDE006EAF01 /* Project object */;
			proxyType = 1;
			remoteGlobalIDString = 243249E72BB27CDE006EAF01;
			remoteInfo = SkyBloomShopping;
		};
/* End PBXContainerItemProxy section */

/* Begin PBXFileReference section */
		243249E82BB27CDE006EAF01 /* SkyBloomShopping.app */ = {isa = PBXFileReference; explicitFileType = wrapper.application; includeInIndex = 0; path = SkyBloomShopping.app; sourceTree = BUILT_PRODUCTS_DIR; };
		243249EB2BB27CDE006EAF01 /* SkyBloomShoppingApp.swift */ = {isa = PBXFileReference; lastKnownFileType = sourcecode.swift; path = SkyBloomShoppingApp.swift; sourceTree = "<group>"; };
		243249ED2BB27CDE006EAF01 /* ContentView.swift */ = {isa = PBXFileReference; lastKnownFileType = sourcecode.swift; path = ContentView.swift; sourceTree = "<group>"; };
		243249EF2BB27CDF006EAF01 /* Assets.xcassets */ = {isa = PBXFileReference; lastKnownFileType = folder.assetcatalog; path = Assets.xcassets; sourceTree = "<group>"; };
		243249F22BB27CDF006EAF01 /* Preview Assets.xcassets */ = {isa = PBXFileReference; lastKnownFileType = folder.assetcatalog; path = "Preview Assets.xcassets"; sourceTree = "<group>"; };
		243249F82BB27CDF006EAF01 /* SkyBloomShoppingTests.xctest */ = {isa = PBXFileReference; explicitFileType = wrapper.cfbundle; includeInIndex = 0; path = SkyBloomShoppingTests.xctest; sourceTree = BUILT_PRODUCTS_DIR; };
		243249FC2BB27CDF006EAF01 /* SkyBloomShoppingTests.swift */ = {isa = PBXFileReference; lastKnownFileType = sourcecode.swift; path = SkyBloomShoppingTests.swift; sourceTree = "<group>"; };
		24324A022BB27CDF006EAF01 /* SkyBloomShoppingUITests.xctest */ = {isa = PBXFileReference; explicitFileType = wrapper.cfbundle; includeInIndex = 0; path = SkyBloomShoppingUITests.xctest; sourceTree = BUILT_PRODUCTS_DIR; };
		24324A062BB27CDF006EAF01 /* SkyBloomShoppingUITests.swift */ = {isa = PBXFileReference; lastKnownFileType = sourcecode.swift; path = SkyBloomShoppingUITests.swift; sourceTree = "<group>"; };
		24324A082BB27CDF006EAF01 /* SkyBloomShoppingUITestsLaunchTests.swift */ = {isa = PBXFileReference; lastKnownFileType = sourcecode.swift; path = SkyBloomShoppingUITestsLaunchTests.swift; sourceTree = "<group>"; };
/* End PBXFileReference section */

/* Begin PBXFrameworksBuildPhase section */
		243249E52BB27CDE006EAF01 /* Frameworks */ = {
			isa = PBXFrameworksBuildPhase;
			buildActionMask = 2147483647;
			files = (
			);
			runOnlyForDeploymentPostprocessing = 0;
		};
		243249F52BB27CDF006EAF01 /* Frameworks */ = {
			isa = PBXFrameworksBuildPhase;
			buildActionMask = 2147483647;
			files = (
			);
			runOnlyForDeploymentPostprocessing = 0;
		};
		243249FF2BB27CDF006EAF01 /* Frameworks */ = {
			isa = PBXFrameworksBuildPhase;
			buildActionMask = 2147483647;
			files = (
			);
			runOnlyForDeploymentPostprocessing = 0;
		};
/* End PBXFrameworksBuildPhase section */

/* Begin PBXGroup section */
		243249DF2BB27CDE006EAF01 = {
			isa = PBXGroup;
			children = (
				243249EA2BB27CDE006EAF01 /* SkyBloomShopping */,
				243249FB2BB27CDF006EAF01 /* SkyBloomShoppingTests */,
				24324A052BB27CDF006EAF01 /* SkyBloomShoppingUITests */,
				243249E92BB27CDE006EAF01 /* Products */,
			);
			sourceTree = "<group>";
		};
		243249E92BB27CDE006EAF01 /* Products */ = {
			isa = PBXGroup;
			children = (
				243249E82BB27CDE006EAF01 /* SkyBloomShopping.app */,
				243249F82BB27CDF006EAF01 /* SkyBloomShoppingTests.xctest */,
				24324A022BB27CDF006EAF01 /* SkyBloomShoppingUITests.xctest */,
			);
			name = Products;
			sourceTree = "<group>";
		};
		243249EA2BB27CDE006EAF01 /* SkyBloomShopping */ = {
			isa = PBXGroup;
			children = (
				243249EB2BB27CDE006EAF01 /* SkyBloomShoppingApp.swift */,
				243249ED2BB27CDE006EAF01 /* ContentView.swift */,
				243249EF2BB27CDF006EAF01 /* Assets.xcassets */,
				243249F12BB27CDF006EAF01 /* Preview Content */,
			);
			path = SkyBloomShopping;
			sourceTree = "<group>";
		};
		243249F12BB27CDF006EAF01 /* Preview Content */ = {
			isa = PBXGroup;
			children = (
				243249F22BB27CDF006EAF01 /* Preview Assets.xcassets */,
			);
			path = "Preview Content";
			sourceTree = "<group>";
		};
		243249FB2BB27CDF006EAF01 /* SkyBloomShoppingTests */ = {
			isa = PBXGroup;
			children = (
				243249FC2BB27CDF006EAF01 /* SkyBloomShoppingTests.swift */,
			);
			path = SkyBloomShoppingTests;
			sourceTree = "<group>";
		};
		24324A052BB27CDF006EAF01 /* SkyBloomShoppingUITests */ = {
			isa = PBXGroup;
			children = (
				24324A062BB27CDF006EAF01 /* SkyBloomShoppingUITests.swift */,
				24324A082BB27CDF006EAF01 /* SkyBloomShoppingUITestsLaunchTests.swift */,
			);
			path = SkyBloomShoppingUITests;
			sourceTree = "<group>";
		};
/* End PBXGroup section */

/* Begin PBXNativeTarget section */
		243249E72BB27CDE006EAF01 /* SkyBloomShopping */ = {
			isa = PBXNativeTarget;
			buildConfigurationList = 24324A0C2BB27CDF006EAF01 /* Build configuration list for PBXNativeTarget "SkyBloomShopping" */;
			buildPhases = (
				243249E42BB27CDE006EAF01 /* Sources */,
				243249E52BB27CDE006EAF01 /* Frameworks */,
				243249E62BB27CDE006EAF01 /* Resources */,
			);
			buildRules = (
			);
			dependencies = (
			);
			name = SkyBloomShopping;
			productName = SkyBloomShopping;
			productReference = 243249E82BB27CDE006EAF01 /* SkyBloomShopping.app */;
			productType = "com.apple.product-type.application";
		};
		243249F72BB27CDF006EAF01 /* SkyBloomShoppingTests */ = {
			isa = PBXNativeTarget;
			buildConfigurationList = 24324A0F2BB27CDF006EAF01 /* Build configuration list for PBXNativeTarget "SkyBloomShoppingTests" */;
			buildPhases = (
				243249F42BB27CDF006EAF01 /* Sources */,
				243249F52BB27CDF006EAF01 /* Frameworks */,
				243249F62BB27CDF006EAF01 /* Resources */,
			);
			buildRules = (
			);
			dependencies = (
				243249FA2BB27CDF006EAF01 /* PBXTargetDependency */,
			);
			name = SkyBloomShoppingTests;
			productName = SkyBloomShoppingTests;
			productReference = 243249F82BB27CDF006EAF01 /* SkyBloomShoppingTests.xctest */;
			productType = "com.apple.product-type.bundle.unit-test";
		};
		24324A012BB27CDF006EAF01 /* SkyBloomShoppingUITests */ = {
			isa = PBXNativeTarget;
			buildConfigurationList = 24324A122BB27CDF006EAF01 /* Build configuration list for PBXNativeTarget "SkyBloomShoppingUITests" */;
			buildPhases = (
				243249FE2BB27CDF006EAF01 /* Sources */,
				243249FF2BB27CDF006EAF01 /* Frameworks */,
				24324A002BB27CDF006EAF01 /* Resources */,
			);
			buildRules = (
			);
			dependencies = (
				24324A042BB27CDF006EAF01 /* PBXTargetDependency */,
			);
			name = SkyBloomShoppingUITests;
			productName = SkyBloomShoppingUITests;
			productReference = 24324A022BB27CDF006EAF01 /* SkyBloomShoppingUITests.xctest */;
			productType = "com.apple.product-type.bundle.ui-testing";
		};
/* End PBXNativeTarget section */

/* Begin PBXProject section */
		243249E02BB27CDE006EAF01 /* Project object */ = {
			isa = PBXProject;
			attributes = {
				BuildIndependentTargetsInParallel = 1;
				LastSwiftUpdateCheck = 1530;
				LastUpgradeCheck = 1530;
				TargetAttributes = {
					243249E72BB27CDE006EAF01 = {
						CreatedOnToolsVersion = 15.3;
					};
					243249F72BB27CDF006EAF01 = {
						CreatedOnToolsVersion = 15.3;
						TestTargetID = 243249E72BB27CDE006EAF01;
					};
					24324A012BB27CDF006EAF01 = {
						CreatedOnToolsVersion = 15.3;
						TestTargetID = 243249E72BB27CDE006EAF01;
					};
				};
			};
			buildConfigurationList = 243249E32BB27CDE006EAF01 /* Build configuration list for PBXProject "SkyBloomShopping" */;
			compatibilityVersion = "Xcode 14.0";
			developmentRegion = en;
			hasScannedForEncodings = 0;
			knownRegions = (
				en,
				Base,
			);
			mainGroup = 243249DF2BB27CDE006EAF01;
			productRefGroup = 243249E92BB27CDE006EAF01 /* Products */;
			projectDirPath = "";
			projectRoot = "";
			targets = (
				243249E72BB27CDE006EAF01 /* SkyBloomShopping */,
				243249F72BB27CDF006EAF01 /* SkyBloomShoppingTests */,
				24324A012BB27CDF006EAF01 /* SkyBloomShoppingUITests */,
			);
		};
/* End PBXProject section */

/* Begin PBXResourcesBuildPhase section */
		243249E62BB27CDE006EAF01 /* Resources */ = {
			isa = PBXResourcesBuildPhase;
			buildActionMask = 2147483647;
			files = (
				243249F32BB27CDF006EAF01 /* Preview Assets.xcassets in Resources */,
				243249F02BB27CDF006EAF01 /* Assets.xcassets in Resources */,
			);
			runOnlyForDeploymentPostprocessing = 0;
		};
		243249F62BB27CDF006EAF01 /* Resources */ = {
			isa = PBXResourcesBuildPhase;
			buildActionMask = 2147483647;
			files = (
			);
			runOnlyForDeploymentPostprocessing = 0;
		};
		24324A002BB27CDF006EAF01 /* Resources */ = {
			isa = PBXResourcesBuildPhase;
			buildActionMask = 2147483647;
			files = (
			);
			runOnlyForDeploymentPostprocessing = 0;
		};
/* End PBXResourcesBuildPhase section */

/* Begin PBXSourcesBuildPhase section */
		243249E42BB27CDE006EAF01 /* Sources */ = {
			isa = PBXSourcesBuildPhase;
			buildActionMask = 2147483647;
			files = (
				243249EE2BB27CDE006EAF01 /* ContentView.swift in Sources */,
				243249EC2BB27CDE006EAF01 /* SkyBloomShoppingApp.swift in Sources */,
			);
			runOnlyForDeploymentPostprocessing = 0;
		};
		243249F42BB27CDF006EAF01 /* Sources */ = {
			isa = PBXSourcesBuildPhase;
			buildActionMask = 2147483647;
			files = (
				243249FD2BB27CDF006EAF01 /* SkyBloomShoppingTests.swift in Sources */,
			);
			runOnlyForDeploymentPostprocessing = 0;
		};
		243249FE2BB27CDF006EAF01 /* Sources */ = {
			isa = PBXSourcesBuildPhase;
			buildActionMask = 2147483647;
			files = (
				24324A092BB27CDF006EAF01 /* SkyBloomShoppingUITestsLaunchTests.swift in Sources */,
				24324A072BB27CDF006EAF01 /* SkyBloomShoppingUITests.swift in Sources */,
			);
			runOnlyForDeploymentPostprocessing = 0;
		};
/* End PBXSourcesBuildPhase section */

/* Begin PBXTargetDependency section */
		243249FA2BB27CDF006EAF01 /* PBXTargetDependency */ = {
			isa = PBXTargetDependency;
			target = 243249E72BB27CDE006EAF01 /* SkyBloomShopping */;
			targetProxy = 243249F92BB27CDF006EAF01 /* PBXContainerItemProxy */;
		};
		24324A042BB27CDF006EAF01 /* PBXTargetDependency */ = {
			isa = PBXTargetDependency;
			target = 243249E72BB27CDE006EAF01 /* SkyBloomShopping */;
			targetProxy = 24324A032BB27CDF006EAF01 /* PBXContainerItemProxy */;
		};
/* End PBXTargetDependency section */

/* Begin XCBuildConfiguration section */
		24324A0A2BB27CDF006EAF01 /* Debug */ = {
			isa = XCBuildConfiguration;
			buildSettings = {
				ALWAYS_SEARCH_USER_PATHS = NO;
				ASSETCATALOG_COMPILER_GENERATE_SWIFT_ASSET_SYMBOL_EXTENSIONS = YES;
				CLANG_ANALYZER_NONNULL = YES;
				CLANG_ANALYZER_NUMBER_OBJECT_CONVERSION = YES_AGGRESSIVE;
				CLANG_CXX_LANGUAGE_STANDARD = "gnu++20";
				CLANG_ENABLE_MODULES = YES;
				CLANG_ENABLE_OBJC_ARC = YES;
				CLANG_ENABLE_OBJC_WEAK = YES;
				CLANG_WARN_BLOCK_CAPTURE_AUTORELEASING = YES;
				CLANG_WARN_BOOL_CONVERSION = YES;
				CLANG_WARN_COMMA = YES;
				CLANG_WARN_CONSTANT_CONVERSION = YES;
				CLANG_WARN_DEPRECATED_OBJC_IMPLEMENTATIONS = YES;
				CLANG_WARN_DIRECT_OBJC_ISA_USAGE = YES_ERROR;
				CLANG_WARN_DOCUMENTATION_COMMENTS = YES;
				CLANG_WARN_EMPTY_BODY = YES;
				CLANG_WARN_ENUM_CONVERSION = YES;
				CLANG_WARN_INFINITE_RECURSION = YES;
				CLANG_WARN_INT_CONVERSION = YES;
				CLANG_WARN_NON_LITERAL_NULL_CONVERSION = YES;
				CLANG_WARN_OBJC_IMPLICIT_RETAIN_SELF = YES;
				CLANG_WARN_OBJC_LITERAL_CONVERSION = YES;
				CLANG_WARN_OBJC_ROOT_CLASS = YES_ERROR;
				CLANG_WARN_QUOTED_INCLUDE_IN_FRAMEWORK_HEADER = YES;
				CLANG_WARN_RANGE_LOOP_ANALYSIS = YES;
				CLANG_WARN_STRICT_PROTOTYPES = YES;
				CLANG_WARN_SUSPICIOUS_MOVE = YES;
				CLANG_WARN_UNGUARDED_AVAILABILITY = YES_AGGRESSIVE;
				CLANG_WARN_UNREACHABLE_CODE = YES;
				CLANG_WARN__DUPLICATE_METHOD_MATCH = YES;
				COPY_PHASE_STRIP = NO;
				DEBUG_INFORMATION_FORMAT = dwarf;
				ENABLE_STRICT_OBJC_MSGSEND = YES;
				ENABLE_TESTABILITY = YES;
				ENABLE_USER_SCRIPT_SANDBOXING = YES;
				GCC_C_LANGUAGE_STANDARD = gnu17;
				GCC_DYNAMIC_NO_PIC = NO;
				GCC_NO_COMMON_BLOCKS = YES;
				GCC_OPTIMIZATION_LEVEL = 0;
				GCC_PREPROCESSOR_DEFINITIONS = (
					"DEBUG=1",
					"$(inherited)",
				);
				GCC_WARN_64_TO_32_BIT_CONVERSION = YES;
				GCC_WARN_ABOUT_RETURN_TYPE = YES_ERROR;
				GCC_WARN_UNDECLARED_SELECTOR = YES;
				GCC_WARN_UNINITIALIZED_AUTOS = YES_AGGRESSIVE;
				GCC_WARN_UNUSED_FUNCTION = YES;
				GCC_WARN_UNUSED_VARIABLE = YES;
				IPHONEOS_DEPLOYMENT_TARGET = 17.4;
				LOCALIZATION_PREFERS_STRING_CATALOGS = YES;
				MTL_ENABLE_DEBUG_INFO = INCLUDE_SOURCE;
				MTL_FAST_MATH = YES;
				ONLY_ACTIVE_ARCH = YES;
				SDKROOT = iphoneos;
				SWIFT_ACTIVE_COMPILATION_CONDITIONS = "DEBUG $(inherited)";
				SWIFT_OPTIMIZATION_LEVEL = "-Onone";
			};
			name = Debug;
		};
		24324A0B2BB27CDF006EAF01 /* Release */ = {
			isa = XCBuildConfiguration;
			buildSettings = {
				ALWAYS_SEARCH_USER_PATHS = NO;
				ASSETCATALOG_COMPILER_GENERATE_SWIFT_ASSET_SYMBOL_EXTENSIONS = YES;
				CLANG_ANALYZER_NONNULL = YES;
				CLANG_ANALYZER_NUMBER_OBJECT_CONVERSION = YES_AGGRESSIVE;
				CLANG_CXX_LANGUAGE_STANDARD = "gnu++20";
				CLANG_ENABLE_MODULES = YES;
				CLANG_ENABLE_OBJC_ARC = YES;
				CLANG_ENABLE_OBJC_WEAK = YES;
				CLANG_WARN_BLOCK_CAPTURE_AUTORELEASING = YES;
				CLANG_WARN_BOOL_CONVERSION = YES;
				CLANG_WARN_COMMA = YES;
				CLANG_WARN_CONSTANT_CONVERSION = YES;
				CLANG_WARN_DEPRECATED_OBJC_IMPLEMENTATIONS = YES;
				CLANG_WARN_DIRECT_OBJC_ISA_USAGE = YES_ERROR;
				CLANG_WARN_DOCUMENTATION_COMMENTS = YES;
				CLANG_WARN_EMPTY_BODY = YES;
				CLANG_WARN_ENUM_CONVERSION = YES;
				CLANG_WARN_INFINITE_RECURSION = YES;
				CLANG_WARN_INT_CONVERSION = YES;
				CLANG_WARN_NON_LITERAL_NULL_CONVERSION = YES;
				CLANG_WARN_OBJC_IMPLICIT_RETAIN_SELF = YES;
				CLANG_WARN_OBJC_LITERAL_CONVERSION = YES;
				CLANG_WARN_OBJC_ROOT_CLASS = YES_ERROR;
				CLANG_WARN_QUOTED_INCLUDE_IN_FRAMEWORK_HEADER = YES;
				CLANG_WARN_RANGE_LOOP_ANALYSIS = YES;
				CLANG_WARN_STRICT_PROTOTYPES = YES;
				CLANG_WARN_SUSPICIOUS_MOVE = YES;
				CLANG_WARN_UNGUARDED_AVAILABILITY = YES_AGGRESSIVE;
				CLANG_WARN_UNREACHABLE_CODE = YES;
				CLANG_WARN__DUPLICATE_METHOD_MATCH = YES;
				COPY_PHASE_STRIP = NO;
				DEBUG_INFORMATION_FORMAT = "dwarf-with-dsym";
				ENABLE_NS_ASSERTIONS = NO;
				ENABLE_STRICT_OBJC_MSGSEND = YES;
				ENABLE_USER_SCRIPT_SANDBOXING = YES;
				GCC_C_LANGUAGE_STANDARD = gnu17;
				GCC_NO_COMMON_BLOCKS = YES;
				GCC_WARN_64_TO_32_BIT_CONVERSION = YES;
				GCC_WARN_ABOUT_RETURN_TYPE = YES_ERROR;
				GCC_WARN_UNDECLARED_SELECTOR = YES;
				GCC_WARN_UNINITIALIZED_AUTOS = YES_AGGRESSIVE;
				GCC_WARN_UNUSED_FUNCTION = YES;
				GCC_WARN_UNUSED_VARIABLE = YES;
				IPHONEOS_DEPLOYMENT_TARGET = 17.4;
				LOCALIZATION_PREFERS_STRING_CATALOGS = YES;
				MTL_ENABLE_DEBUG_INFO = NO;
				MTL_FAST_MATH = YES;
				SDKROOT = iphoneos;
				SWIFT_COMPILATION_MODE = wholemodule;
				VALIDATE_PRODUCT = YES;
			};
			name = Release;
		};
		24324A0D2BB27CDF006EAF01 /* Debug */ = {
			isa = XCBuildConfiguration;
			buildSettings = {
				ASSETCATALOG_COMPILER_APPICON_NAME = AppIcon;
				ASSETCATALOG_COMPILER_GLOBAL_ACCENT_COLOR_NAME = AccentColor;
				CODE_SIGN_STYLE = Automatic;
				CURRENT_PROJECT_VERSION = 1;
				DEVELOPMENT_ASSET_PATHS = "\"SkyBloomShopping/Preview Content\"";
				ENABLE_PREVIEWS = YES;
				GENERATE_INFOPLIST_FILE = YES;
				INFOPLIST_KEY_UIApplicationSceneManifest_Generation = YES;
				INFOPLIST_KEY_UIApplicationSupportsIndirectInputEvents = YES;
				INFOPLIST_KEY_UILaunchScreen_Generation = YES;
				INFOPLIST_KEY_UISupportedInterfaceOrientations_iPad = "UIInterfaceOrientationPortrait UIInterfaceOrientationPortraitUpsideDown UIInterfaceOrientationLandscapeLeft UIInterfaceOrientationLandscapeRight";
				INFOPLIST_KEY_UISupportedInterfaceOrientations_iPhone = "UIInterfaceOrientationPortrait UIInterfaceOrientationLandscapeLeft UIInterfaceOrientationLandscapeRight";
				LD_RUNPATH_SEARCH_PATHS = (
					"$(inherited)",
					"@executable_path/Frameworks",
				);
				MARKETING_VERSION = 1.0;
				PRODUCT_BUNDLE_IDENTIFIER = NIBM.SkyBloomShopping;
				PRODUCT_NAME = "$(TARGET_NAME)";
				SWIFT_EMIT_LOC_STRINGS = YES;
				SWIFT_VERSION = 5.0;
				TARGETED_DEVICE_FAMILY = "1,2";
			};
			name = Debug;
		};
		24324A0E2BB27CDF006EAF01 /* Release */ = {
			isa = XCBuildConfiguration;
			buildSettings = {
				ASSETCATALOG_COMPILER_APPICON_NAME = AppIcon;
				ASSETCATALOG_COMPILER_GLOBAL_ACCENT_COLOR_NAME = AccentColor;
				CODE_SIGN_STYLE = Automatic;
				CURRENT_PROJECT_VERSION = 1;
				DEVELOPMENT_ASSET_PATHS = "\"SkyBloomShopping/Preview Content\"";
				ENABLE_PREVIEWS = YES;
				GENERATE_INFOPLIST_FILE = YES;
				INFOPLIST_KEY_UIApplicationSceneManifest_Generation = YES;
				INFOPLIST_KEY_UIApplicationSupportsIndirectInputEvents = YES;
				INFOPLIST_KEY_UILaunchScreen_Generation = YES;
				INFOPLIST_KEY_UISupportedInterfaceOrientations_iPad = "UIInterfaceOrientationPortrait UIInterfaceOrientationPortraitUpsideDown UIInterfaceOrientationLandscapeLeft UIInterfaceOrientationLandscapeRight";
				INFOPLIST_KEY_UISupportedInterfaceOrientations_iPhone = "UIInterfaceOrientationPortrait UIInterfaceOrientationLandscapeLeft UIInterfaceOrientationLandscapeRight";
				LD_RUNPATH_SEARCH_PATHS = (
					"$(inherited)",
					"@executable_path/Frameworks",
				);
				MARKETING_VERSION = 1.0;
				PRODUCT_BUNDLE_IDENTIFIER = NIBM.SkyBloomShopping;
				PRODUCT_NAME = "$(TARGET_NAME)";
				SWIFT_EMIT_LOC_STRINGS = YES;
				SWIFT_VERSION = 5.0;
				TARGETED_DEVICE_FAMILY = "1,2";
			};
			name = Release;
		};
		24324A102BB27CDF006EAF01 /* Debug */ = {
			isa = XCBuildConfiguration;
			buildSettings = {
				ALWAYS_EMBED_SWIFT_STANDARD_LIBRARIES = YES;
				BUNDLE_LOADER = "$(TEST_HOST)";
				CODE_SIGN_STYLE = Automatic;
				CURRENT_PROJECT_VERSION = 1;
				GENERATE_INFOPLIST_FILE = YES;
				IPHONEOS_DEPLOYMENT_TARGET = 17.4;
				MARKETING_VERSION = 1.0;
				PRODUCT_BUNDLE_IDENTIFIER = NIBM.SkyBloomShoppingTests;
				PRODUCT_NAME = "$(TARGET_NAME)";
				SWIFT_EMIT_LOC_STRINGS = NO;
				SWIFT_VERSION = 5.0;
				TARGETED_DEVICE_FAMILY = "1,2";
				TEST_HOST = "$(BUILT_PRODUCTS_DIR)/SkyBloomShopping.app/$(BUNDLE_EXECUTABLE_FOLDER_PATH)/SkyBloomShopping";
			};
			name = Debug;
		};
		24324A112BB27CDF006EAF01 /* Release */ = {
			isa = XCBuildConfiguration;
			buildSettings = {
				ALWAYS_EMBED_SWIFT_STANDARD_LIBRARIES = YES;
				BUNDLE_LOADER = "$(TEST_HOST)";
				CODE_SIGN_STYLE = Automatic;
				CURRENT_PROJECT_VERSION = 1;
				GENERATE_INFOPLIST_FILE = YES;
				IPHONEOS_DEPLOYMENT_TARGET = 17.4;
				MARKETING_VERSION = 1.0;
				PRODUCT_BUNDLE_IDENTIFIER = NIBM.SkyBloomShoppingTests;
				PRODUCT_NAME = "$(TARGET_NAME)";
				SWIFT_EMIT_LOC_STRINGS = NO;
				SWIFT_VERSION = 5.0;
				TARGETED_DEVICE_FAMILY = "1,2";
				TEST_HOST = "$(BUILT_PRODUCTS_DIR)/SkyBloomShopping.app/$(BUNDLE_EXECUTABLE_FOLDER_PATH)/SkyBloomShopping";
			};
			name = Release;
		};
		24324A132BB27CDF006EAF01 /* Debug */ = {
			isa = XCBuildConfiguration;
			buildSettings = {
				ALWAYS_EMBED_SWIFT_STANDARD_LIBRARIES = YES;
				CODE_SIGN_STYLE = Automatic;
				CURRENT_PROJECT_VERSION = 1;
				GENERATE_INFOPLIST_FILE = YES;
				MARKETING_VERSION = 1.0;
				PRODUCT_BUNDLE_IDENTIFIER = NIBM.SkyBloomShoppingUITests;
				PRODUCT_NAME = "$(TARGET_NAME)";
				SWIFT_EMIT_LOC_STRINGS = NO;
				SWIFT_VERSION = 5.0;
				TARGETED_DEVICE_FAMILY = "1,2";
				TEST_TARGET_NAME = SkyBloomShopping;
			};
			name = Debug;
		};
		24324A142BB27CDF006EAF01 /* Release */ = {
			isa = XCBuildConfiguration;
			buildSettings = {
				ALWAYS_EMBED_SWIFT_STANDARD_LIBRARIES = YES;
				CODE_SIGN_STYLE = Automatic;
				CURRENT_PROJECT_VERSION = 1;
				GENERATE_INFOPLIST_FILE = YES;
				MARKETING_VERSION = 1.0;
				PRODUCT_BUNDLE_IDENTIFIER = NIBM.SkyBloomShoppingUITests;
				PRODUCT_NAME = "$(TARGET_NAME)";
				SWIFT_EMIT_LOC_STRINGS = NO;
				SWIFT_VERSION = 5.0;
				TARGETED_DEVICE_FAMILY = "1,2";
				TEST_TARGET_NAME = SkyBloomShopping;
			};
			name = Release;
		};
/* End XCBuildConfiguration section */

/* Begin XCConfigurationList section */
		243249E32BB27CDE006EAF01 /* Build configuration list for PBXProject "SkyBloomShopping" */ = {
			isa = XCConfigurationList;
			buildConfigurations = (
				24324A0A2BB27CDF006EAF01 /* Debug */,
				24324A0B2BB27CDF006EAF01 /* Release */,
			);
			defaultConfigurationIsVisible = 0;
			defaultConfigurationName = Release;
		};
		24324A0C2BB27CDF006EAF01 /* Build configuration list for PBXNativeTarget "SkyBloomShopping" */ = {
			isa = XCConfigurationList;
			buildConfigurations = (
				24324A0D2BB27CDF006EAF01 /* Debug */,
				24324A0E2BB27CDF006EAF01 /* Release */,
			);
			defaultConfigurationIsVisible = 0;
			defaultConfigurationName = Release;
		};
		24324A0F2BB27CDF006EAF01 /* Build configuration list for PBXNativeTarget "SkyBloomShoppingTests" */ = {
			isa = XCConfigurationList;
			buildConfigurations = (
				24324A102BB27CDF006EAF01 /* Debug */,
				24324A112BB27CDF006EAF01 /* Release */,
			);
			defaultConfigurationIsVisible = 0;
			defaultConfigurationName = Release;
		};
		24324A122BB27CDF006EAF01 /* Build configuration list for PBXNativeTarget "SkyBloomShoppingUITests" */ = {
			isa = XCConfigurationList;
			buildConfigurations = (
				24324A132BB27CDF006EAF01 /* Debug */,
				24324A142BB27CDF006EAF01 /* Release */,
			);
			defaultConfigurationIsVisible = 0;
			defaultConfigurationName = Release;
		};
/* End XCConfigurationList section */
	};
	rootObject = 243249E02BB27CDE006EAF01 /* Project object */;
}
